{
  "name": "release",
  "lockfileVersion": 2,
  "requires": true,
  "packages": {
    "": {
      "dependencies": {
        "pnpm": "7.15.0"
      }
    },
    "node_modules/pnpm": {
      "version": "7.15.0",
      "resolved": "https://registry.npmjs.org/pnpm/-/pnpm-7.15.0.tgz",
      "integrity": "sha512-GGQ5+MCwD0bpq+65uitpgO1+ZusZ1keO5ebG/CH6ciu1ohnZj5Y3X374Ow/CBApa+Jw2/NUifVRz2fW4JChftA==",
      "bin": {
        "pnpm": "bin/pnpm.cjs",
        "pnpx": "bin/pnpx.cjs"
      },
      "engines": {
        "node": ">=14.6"
      },
      "funding": {
        "url": "https://opencollective.com/pnpm"
      }
    }
  },
  "dependencies": {
    "pnpm": {
      "version": "7.15.0",
      "resolved": "https://registry.npmjs.org/pnpm/-/pnpm-7.15.0.tgz",
      "integrity": "sha512-GGQ5+MCwD0bpq+65uitpgO1+ZusZ1keO5ebG/CH6ciu1ohnZj5Y3X374Ow/CBApa+Jw2/NUifVRz2fW4JChftA=="
    }
  }
}
